
Microsoft Visual Studio Solution File, Format Version 12.00
# Visual Studio Version 16
VisualStudioVersion = 16.0.30011.22
MinimumVisualStudioVersion = 10.0.40219.1
Project("{FAE04EC0-301F-11D3-BF4B-00C04F79EFBC}") = "hilalm1", "hilalm1\hilalm1.csproj", "{2C7EC98A-15F5-48B4-98F7-56DF8AB46853}"
EndProject
Global
	GlobalSection(SolutionConfigurationPlatforms) = preSolution
		Debug|Any CPU = Debug|Any CPU
		Release|Any CPU = Release|Any CPU
	EndGlobalSection
	GlobalSection(ProjectConfigurationPlatforms) = postSolution
		{2C7EC98A-15F5-48B4-98F7-56DF8AB46853}.Debug|Any CPU.ActiveCfg = Debug|Any CPU
		{2C7EC98A-15F5-48B4-98F7-56DF8AB46853}.Debug|Any CPU.Build.0 = Debug|Any CPU
		{2C7EC98A-15F5-48B4-98F7-56DF8AB46853}.Release|Any CPU.ActiveCfg = Release|Any CPU
		{2C7EC98A-15F5-48B4-98F7-56DF8AB46853}.Release|Any CPU.Build.0 = Release|Any CPU
	EndGlobalSection
	GlobalSection(SolutionProperties) = preSolution
		HideSolutionNode = FALSE
	EndGlobalSection
	GlobalSection(ExtensibilityGlobals) = postSolution
		SolutionGuid = {64D6EB64-3EDB-46CC-8454-47B6DABC8402}
	EndGlobalSection
EndGlobal
